// !$*UTF8*$!
{
	archiveVersion = 1;
	classes = {
	};
	objectVersion = 46;
	objects = {

/* Begin PBXBuildFile section */
		5B420FD81E8E293B006A257E /* AppDelegate.swift in Sources */ = {isa = PBXBuildFile; fileRef = 5B420FD71E8E293B006A257E /* AppDelegate.swift */; };
		5B420FDA1E8E293B006A257E /* SignInVC.swift in Sources */ = {isa = PBXBuildFile; fileRef = 5B420FD91E8E293B006A257E /* SignInVC.swift */; };
		5B420FDD1E8E293B006A257E /* Main.storyboard in Resources */ = {isa = PBXBuildFile; fileRef = 5B420FDB1E8E293B006A257E /* Main.storyboard */; };
		5B420FDF1E8E293B006A257E /* Assets.xcassets in Resources */ = {isa = PBXBuildFile; fileRef = 5B420FDE1E8E293B006A257E /* Assets.xcassets */; };
		5B420FE21E8E293B006A257E /* LaunchScreen.storyboard in Resources */ = {isa = PBXBuildFile; fileRef = 5B420FE01E8E293B006A257E /* LaunchScreen.storyboard */; };
		5B420FEA1E8E298E006A257E /* GoogleService-Info.plist in Resources */ = {isa = PBXBuildFile; fileRef = 5B420FE91E8E298E006A257E /* GoogleService-Info.plist */; };
		5BA7C96A1E926ADE00D5F315 /* ShadowView.swift in Sources */ = {isa = PBXBuildFile; fileRef = 5BA7C9691E926ADE00D5F315 /* ShadowView.swift */; };
		5BA7C96C1E92768A00D5F315 /* Constants.swift in Sources */ = {isa = PBXBuildFile; fileRef = 5BA7C96B1E92768A00D5F315 /* Constants.swift */; };
		5BA7C96E1E927AF800D5F315 /* FeedVC.swift in Sources */ = {isa = PBXBuildFile; fileRef = 5BA7C96D1E927AF800D5F315 /* FeedVC.swift */; };
		5BA7C9701E94C6F900D5F315 /* CircleView.swift in Sources */ = {isa = PBXBuildFile; fileRef = 5BA7C96F1E94C6F900D5F315 /* CircleView.swift */; };
		B398D25BAE680E5077D10301 /* Pods_SocialDevSlopes.framework in Frameworks */ = {isa = PBXBuildFile; fileRef = 0E5AF368F4D17450C6AAF7B8 /* Pods_SocialDevSlopes.framework */; };
/* End PBXBuildFile section */

/* Begin PBXFileReference section */
		0E5AF368F4D17450C6AAF7B8 /* Pods_SocialDevSlopes.framework */ = {isa = PBXFileReference; explicitFileType = wrapper.framework; includeInIndex = 0; path = Pods_SocialDevSlopes.framework; sourceTree = BUILT_PRODUCTS_DIR; };
		5B420FD41E8E293B006A257E /* SocialDevSlopes.app */ = {isa = PBXFileReference; explicitFileType = wrapper.application; includeInIndex = 0; path = SocialDevSlopes.app; sourceTree = BUILT_PRODUCTS_DIR; };
		5B420FD71E8E293B006A257E /* AppDelegate.swift */ = {isa = PBXFileReference; lastKnownFileType = sourcecode.swift; path = AppDelegate.swift; sourceTree = "<group>"; };
		5B420FD91E8E293B006A257E /* SignInVC.swift */ = {isa = PBXFileReference; lastKnownFileType = sourcecode.swift; path = SignInVC.swift; sourceTree = "<group>"; };
		5B420FDC1E8E293B006A257E /* Base */ = {isa = PBXFileReference; lastKnownFileType = file.storyboard; name = Base; path = Base.lproj/Main.storyboard; sourceTree = "<group>"; };
		5B420FDE1E8E293B006A257E /* Assets.xcassets */ = {isa = PBXFileReference; lastKnownFileType = folder.assetcatalog; path = Assets.xcassets; sourceTree = "<group>"; };
		5B420FE11E8E293B006A257E /* Base */ = {isa = PBXFileReference; lastKnownFileType = file.storyboard; name = Base; path = Base.lproj/LaunchScreen.storyboard; sourceTree = "<group>"; };
		5B420FE31E8E293B006A257E /* Info.plist */ = {isa = PBXFileReference; lastKnownFileType = text.plist.xml; path = Info.plist; sourceTree = "<group>"; };
		5B420FE91E8E298E006A257E /* GoogleService-Info.plist */ = {isa = PBXFileReference; fileEncoding = 4; lastKnownFileType = text.plist.xml; path = "GoogleService-Info.plist"; sourceTree = "<group>"; };
		5BA7C9681E9238E400D5F315 /* SocialDevSlopes.entitlements */ = {isa = PBXFileReference; lastKnownFileType = text.plist.entitlements; path = SocialDevSlopes.entitlements; sourceTree = "<group>"; };
		5BA7C9691E926ADE00D5F315 /* ShadowView.swift */ = {isa = PBXFileReference; fileEncoding = 4; lastKnownFileType = sourcecode.swift; path = ShadowView.swift; sourceTree = "<group>"; };
		5BA7C96B1E92768A00D5F315 /* Constants.swift */ = {isa = PBXFileReference; fileEncoding = 4; lastKnownFileType = sourcecode.swift; name = Constants.swift; path = ../Constants.swift; sourceTree = "<group>"; };
		5BA7C96D1E927AF800D5F315 /* FeedVC.swift */ = {isa = PBXFileReference; fileEncoding = 4; lastKnownFileType = sourcecode.swift; path = FeedVC.swift; sourceTree = "<group>"; };
		5BA7C96F1E94C6F900D5F315 /* CircleView.swift */ = {isa = PBXFileReference; fileEncoding = 4; lastKnownFileType = sourcecode.swift; path = CircleView.swift; sourceTree = "<group>"; };
		B3B071F1359331602731B757 /* Pods-SocialDevSlopes.debug.xcconfig */ = {isa = PBXFileReference; includeInIndex = 1; lastKnownFileType = text.xcconfig; name = "Pods-SocialDevSlopes.debug.xcconfig"; path = "Pods/Target Support Files/Pods-SocialDevSlopes/Pods-SocialDevSlopes.debug.xcconfig"; sourceTree = "<group>"; };
		FCAF6E34BFA5172B12B295C4 /* Pods-SocialDevSlopes.release.xcconfig */ = {isa = PBXFileReference; includeInIndex = 1; lastKnownFileType = text.xcconfig; name = "Pods-SocialDevSlopes.release.xcconfig"; path = "Pods/Target Support Files/Pods-SocialDevSlopes/Pods-SocialDevSlopes.release.xcconfig"; sourceTree = "<group>"; };
/* End PBXFileReference section */

/* Begin PBXFrameworksBuildPhase section */
		5B420FD11E8E293B006A257E /* Frameworks */ = {
			isa = PBXFrameworksBuildPhase;
			buildActionMask = 2147483647;
			files = (
				B398D25BAE680E5077D10301 /* Pods_SocialDevSlopes.framework in Frameworks */,
			);
			runOnlyForDeploymentPostprocessing = 0;
		};
/* End PBXFrameworksBuildPhase section */

/* Begin PBXGroup section */
		5B420FCB1E8E293B006A257E = {
			isa = PBXGroup;
			children = (
				5B420FD61E8E293B006A257E /* SocialDevSlopes */,
				5B420FD51E8E293B006A257E /* Products */,
				96E5038B62445FE39C8A3FB0 /* Pods */,
				BF1C8D851C9685D3BE45BCF8 /* Frameworks */,
			);
			sourceTree = "<group>";
		};
		5B420FD51E8E293B006A257E /* Products */ = {
			isa = PBXGroup;
			children = (
				5B420FD41E8E293B006A257E /* SocialDevSlopes.app */,
			);
			name = Products;
			sourceTree = "<group>";
		};
		5B420FD61E8E293B006A257E /* SocialDevSlopes */ = {
			isa = PBXGroup;
			children = (
				5BA7C9681E9238E400D5F315 /* SocialDevSlopes.entitlements */,
				5BA7C9561E8E2C9300D5F315 /* Model */,
				5BA7C9571E8E2C9C00D5F315 /* View */,
				5BA7C9581E8E2CAA00D5F315 /* Controller */,
				5B420FDB1E8E293B006A257E /* Main.storyboard */,
				5BA7C96B1E92768A00D5F315 /* Constants.swift */,
				5B420FD71E8E293B006A257E /* AppDelegate.swift */,
				5B420FDE1E8E293B006A257E /* Assets.xcassets */,
				5B420FE01E8E293B006A257E /* LaunchScreen.storyboard */,
				5B420FE31E8E293B006A257E /* Info.plist */,
				5B420FE91E8E298E006A257E /* GoogleService-Info.plist */,
			);
			path = SocialDevSlopes;
			sourceTree = "<group>";
		};
		5BA7C9561E8E2C9300D5F315 /* Model */ = {
			isa = PBXGroup;
			children = (
			);
			name = Model;
			sourceTree = "<group>";
		};
		5BA7C9571E8E2C9C00D5F315 /* View */ = {
			isa = PBXGroup;
			children = (
				5BA7C9691E926ADE00D5F315 /* ShadowView.swift */,
				5BA7C96F1E94C6F900D5F315 /* CircleView.swift */,
			);
			name = View;
			sourceTree = "<group>";
		};
		5BA7C9581E8E2CAA00D5F315 /* Controller */ = {
			isa = PBXGroup;
			children = (
				5B420FD91E8E293B006A257E /* SignInVC.swift */,
				5BA7C96D1E927AF800D5F315 /* FeedVC.swift */,
			);
			name = Controller;
			sourceTree = "<group>";
		};
		96E5038B62445FE39C8A3FB0 /* Pods */ = {
			isa = PBXGroup;
			children = (
				B3B071F1359331602731B757 /* Pods-SocialDevSlopes.debug.xcconfig */,
				FCAF6E34BFA5172B12B295C4 /* Pods-SocialDevSlopes.release.xcconfig */,
			);
			name = Pods;
			sourceTree = "<group>";
		};
		BF1C8D851C9685D3BE45BCF8 /* Frameworks */ = {
			isa = PBXGroup;
			children = (
				0E5AF368F4D17450C6AAF7B8 /* Pods_SocialDevSlopes.framework */,
			);
			name = Frameworks;
			sourceTree = "<group>";
		};
/* End PBXGroup section */

/* Begin PBXNativeTarget section */
		5B420FD31E8E293B006A257E /* SocialDevSlopes */ = {
			isa = PBXNativeTarget;
			buildConfigurationList = 5B420FE61E8E293B006A257E /* Build configuration list for PBXNativeTarget "SocialDevSlopes" */;
			buildPhases = (
				EED3DA016F4F8DF6A34A87F5 /* [CP] Check Pods Manifest.lock */,
				5B420FD01E8E293B006A257E /* Sources */,
				5B420FD11E8E293B006A257E /* Frameworks */,
				5B420FD21E8E293B006A257E /* Resources */,
				641AF16E0ADBD72558CD65D9 /* [CP] Embed Pods Frameworks */,
				520DD112C2BDDED102630380 /* [CP] Copy Pods Resources */,
			);
			buildRules = (
			);
			dependencies = (
			);
			name = SocialDevSlopes;
			productName = SocialDevSlopes;
			productReference = 5B420FD41E8E293B006A257E /* SocialDevSlopes.app */;
			productType = "com.apple.product-type.application";
		};
/* End PBXNativeTarget section */

/* Begin PBXProject section */
		5B420FCC1E8E293B006A257E /* Project object */ = {
			isa = PBXProject;
			attributes = {
				LastSwiftUpdateCheck = 0820;
				LastUpgradeCheck = 0820;
				ORGANIZATIONNAME = "Laura Calinoiu";
				TargetAttributes = {
					5B420FD31E8E293B006A257E = {
						CreatedOnToolsVersion = 8.2.1;
						DevelopmentTeam = JZ92YFTR72;
						ProvisioningStyle = Automatic;
						SystemCapabilities = {
							com.apple.Keychain = {
								enabled = 1;
							};
						};
					};
				};
			};
			buildConfigurationList = 5B420FCF1E8E293B006A257E /* Build configuration list for PBXProject "SocialDevSlopes" */;
			compatibilityVersion = "Xcode 3.2";
			developmentRegion = English;
			hasScannedForEncodings = 0;
			knownRegions = (
				en,
				Base,
			);
			mainGroup = 5B420FCB1E8E293B006A257E;
			productRefGroup = 5B420FD51E8E293B006A257E /* Products */;
			projectDirPath = "";
			projectRoot = "";
			targets = (
				5B420FD31E8E293B006A257E /* SocialDevSlopes */,
			);
		};
/* End PBXProject section */

/* Begin PBXResourcesBuildPhase section */
		5B420FD21E8E293B006A257E /* Resources */ = {
			isa = PBXResourcesBuildPhase;
			buildActionMask = 2147483647;
			files = (
				5B420FE21E8E293B006A257E /* LaunchScreen.storyboard in Resources */,
				5B420FDF1E8E293B006A257E /* Assets.xcassets in Resources */,
				5B420FDD1E8E293B006A257E /* Main.storyboard in Resources */,
				5B420FEA1E8E298E006A257E /* GoogleService-Info.plist in Resources */,
			);
			runOnlyForDeploymentPostprocessing = 0;
		};
/* End PBXResourcesBuildPhase section */

/* Begin PBXShellScriptBuildPhase section */
		520DD112C2BDDED102630380 /* [CP] Copy Pods Resources */ = {
			isa = PBXShellScriptBuildPhase;
			buildActionMask = 2147483647;
			files = (
			);
			inputPaths = (
			);
			name = "[CP] Copy Pods Resources";
			outputPaths = (
			);
			runOnlyForDeploymentPostprocessing = 0;
			shellPath = /bin/sh;
			shellScript = "\"${SRCROOT}/Pods/Target Support Files/Pods-SocialDevSlopes/Pods-SocialDevSlopes-resources.sh\"\n";
			showEnvVarsInLog = 0;
		};
		641AF16E0ADBD72558CD65D9 /* [CP] Embed Pods Frameworks */ = {
			isa = PBXShellScriptBuildPhase;
			buildActionMask = 2147483647;
			files = (
			);
			inputPaths = (
			);
			name = "[CP] Embed Pods Frameworks";
			outputPaths = (
			);
			runOnlyForDeploymentPostprocessing = 0;
			shellPath = /bin/sh;
			shellScript = "\"${SRCROOT}/Pods/Target Support Files/Pods-SocialDevSlopes/Pods-SocialDevSlopes-frameworks.sh\"\n";
			showEnvVarsInLog = 0;
		};
		EED3DA016F4F8DF6A34A87F5 /* [CP] Check Pods Manifest.lock */ = {
			isa = PBXShellScriptBuildPhase;
			buildActionMask = 2147483647;
			files = (
			);
			inputPaths = (
			);
			name = "[CP] Check Pods Manifest.lock";
			outputPaths = (
			);
			runOnlyForDeploymentPostprocessing = 0;
			shellPath = /bin/sh;
			shellScript = "diff \"${PODS_ROOT}/../Podfile.lock\" \"${PODS_ROOT}/Manifest.lock\" > /dev/null\nif [ $? != 0 ] ; then\n    # print error to STDERR\n    echo \"error: The sandbox is not in sync with the Podfile.lock. Run 'pod install' or update your CocoaPods installation.\" >&2\n    exit 1\nfi\n";
			showEnvVarsInLog = 0;
		};
/* End PBXShellScriptBuildPhase section */

/* Begin PBXSourcesBuildPhase section */
		5B420FD01E8E293B006A257E /* Sources */ = {
			isa = PBXSourcesBuildPhase;
			buildActionMask = 2147483647;
			files = (
				5BA7C9701E94C6F900D5F315 /* CircleView.swift in Sources */,
				5BA7C96A1E926ADE00D5F315 /* ShadowView.swift in Sources */,
				5B420FDA1E8E293B006A257E /* SignInVC.swift in Sources */,
				5BA7C96E1E927AF800D5F315 /* FeedVC.swift in Sources */,
				5B420FD81E8E293B006A257E /* AppDelegate.swift in Sources */,
				5BA7C96C1E92768A00D5F315 /* Constants.swift in Sources */,
			);
			runOnlyForDeploymentPostprocessing = 0;
		};
/* End PBXSourcesBuildPhase section */

/* Begin PBXVariantGroup section */
		5B420FDB1E8E293B006A257E /* Main.storyboard */ = {
			isa = PBXVariantGroup;
			children = (
				5B420FDC1E8E293B006A257E /* Base */,
			);
			name = Main.storyboard;
			sourceTree = "<group>";
		};
		5B420FE01E8E293B006A257E /* LaunchScreen.storyboard */ = {
			isa = PBXVariantGroup;
			children = (
				5B420FE11E8E293B006A257E /* Base */,
			);
			name = LaunchScreen.storyboard;
			sourceTree = "<group>";
		};
/* End PBXVariantGroup section */

/* Begin XCBuildConfiguration section */
		5B420FE41E8E293B006A257E /* Debug */ = {
			isa = XCBuildConfiguration;
			buildSettings = {
				ALWAYS_SEARCH_USER_PATHS = NO;
				CLANG_ANALYZER_NONNULL = YES;
				CLANG_CXX_LANGUAGE_STANDARD = "gnu++0x";
				CLANG_CXX_LIBRARY = "libc++";
				CLANG_ENABLE_MODULES = YES;
				CLANG_ENABLE_OBJC_ARC = YES;
				CLANG_WARN_BOOL_CONVERSION = YES;
				CLANG_WARN_CONSTANT_CONVERSION = YES;
				CLANG_WARN_DIRECT_OBJC_ISA_USAGE = YES_ERROR;
				CLANG_WARN_DOCUMENTATION_COMMENTS = YES;
				CLANG_WARN_EMPTY_BODY = YES;
				CLANG_WARN_ENUM_CONVERSION = YES;
				CLANG_WARN_INFINITE_RECURSION = YES;
				CLANG_WARN_INT_CONVERSION = YES;
				CLANG_WARN_OBJC_ROOT_CLASS = YES_ERROR;
				CLANG_WARN_SUSPICIOUS_MOVE = YES;
				CLANG_WARN_UNREACHABLE_CODE = YES;
				CLANG_WARN__DUPLICATE_METHOD_MATCH = YES;
				"CODE_SIGN_IDENTITY[sdk=iphoneos*]" = "iPhone Developer";
				COPY_PHASE_STRIP = NO;
				DEBUG_INFORMATION_FORMAT = dwarf;
				ENABLE_STRICT_OBJC_MSGSEND = YES;
				ENABLE_TESTABILITY = YES;
				GCC_C_LANGUAGE_STANDARD = gnu99;
				GCC_DYNAMIC_NO_PIC = NO;
				GCC_NO_COMMON_BLOCKS = YES;
				GCC_OPTIMIZATION_LEVEL = 0;
				GCC_PREPROCESSOR_DEFINITIONS = (
					"DEBUG=1",
					"$(inherited)",
				);
				GCC_WARN_64_TO_32_BIT_CONVERSION = YES;
				GCC_WARN_ABOUT_RETURN_TYPE = YES_ERROR;
				GCC_WARN_UNDECLARED_SELECTOR = YES;
				GCC_WARN_UNINITIALIZED_AUTOS = YES_AGGRESSIVE;
				GCC_WARN_UNUSED_FUNCTION = YES;
				GCC_WARN_UNUSED_VARIABLE = YES;
				IPHONEOS_DEPLOYMENT_TARGET = 10.2;
				MTL_ENABLE_DEBUG_INFO = YES;
				ONLY_ACTIVE_ARCH = YES;
				SDKROOT = iphoneos;
				SWIFT_ACTIVE_COMPILATION_CONDITIONS = DEBUG;
				SWIFT_OPTIMIZATION_LEVEL = "-Onone";
				TARGETED_DEVICE_FAMILY = "1,2";
			};
			name = Debug;
		};
		5B420FE51E8E293B006A257E /* Release */ = {
			isa = XCBuildConfiguration;
			buildSettings = {
				ALWAYS_SEARCH_USER_PATHS = NO;
				CLANG_ANALYZER_NONNULL = YES;
				CLANG_CXX_LANGUAGE_STANDARD = "gnu++0x";
				CLANG_CXX_LIBRARY = "libc++";
				CLANG_ENABLE_MODULES = YES;
				CLANG_ENABLE_OBJC_ARC = YES;
				CLANG_WARN_BOOL_CONVERSION = YES;
				CLANG_WARN_CONSTANT_CONVERSION = YES;
				CLANG_WARN_DIRECT_OBJC_ISA_USAGE = YES_ERROR;
				CLANG_WARN_DOCUMENTATION_COMMENTS = YES;
				CLANG_WARN_EMPTY_BODY = YES;
				CLANG_WARN_ENUM_CONVERSION = YES;
				CLANG_WARN_INFINITE_RECURSION = YES;
				CLANG_WARN_INT_CONVERSION = YES;
				CLANG_WARN_OBJC_ROOT_CLASS = YES_ERROR;
				CLANG_WARN_SUSPICIOUS_MOVE = YES;
				CLANG_WARN_UNREACHABLE_CODE = YES;
				CLANG_WARN__DUPLICATE_METHOD_MATCH = YES;
				"CODE_SIGN_IDENTITY[sdk=iphoneos*]" = "iPhone Developer";
				COPY_PHASE_STRIP = NO;
				DEBUG_INFORMATION_FORMAT = "dwarf-with-dsym";
				ENABLE_NS_ASSERTIONS = NO;
				ENABLE_STRICT_OBJC_MSGSEND = YES;
				GCC_C_LANGUAGE_STANDARD = gnu99;
				GCC_NO_COMMON_BLOCKS = YES;
				GCC_WARN_64_TO_32_BIT_CONVERSION = YES;
				GCC_WARN_ABOUT_RETURN_TYPE = YES_ERROR;
				GCC_WARN_UNDECLARED_SELECTOR = YES;
				GCC_WARN_UNINITIALIZED_AUTOS = YES_AGGRESSIVE;
				GCC_WARN_UNUSED_FUNCTION = YES;
				GCC_WARN_UNUSED_VARIABLE = YES;
				IPHONEOS_DEPLOYMENT_TARGET = 10.2;
				MTL_ENABLE_DEBUG_INFO = NO;
				SDKROOT = iphoneos;
				SWIFT_OPTIMIZATION_LEVEL = "-Owholemodule";
				TARGETED_DEVICE_FAMILY = "1,2";
				VALIDATE_PRODUCT = YES;
			};
			name = Release;
		};
		5B420FE71E8E293B006A257E /* Debug */ = {
			isa = XCBuildConfiguration;
			baseConfigurationReference = B3B071F1359331602731B757 /* Pods-SocialDevSlopes.debug.xcconfig */;
			buildSettings = {
				ASSETCATALOG_COMPILER_APPICON_NAME = AppIcon;
				CODE_SIGN_ENTITLEMENTS = SocialDevSlopes/SocialDevSlopes.entitlements;
				DEVELOPMENT_TEAM = JZ92YFTR72;
				INFOPLIST_FILE = SocialDevSlopes/Info.plist;
				LD_RUNPATH_SEARCH_PATHS = "$(inherited) @executable_path/Frameworks";
				PRODUCT_BUNDLE_IDENTIFIER = com.smurfs.SocialDevSlopes;
				PRODUCT_NAME = "$(TARGET_NAME)";
				SWIFT_VERSION = 3.0;
			};
			name = Debug;
		};
		5B420FE81E8E293B006A257E /* Release */ = {
			isa = XCBuildConfiguration;
			baseConfigurationReference = FCAF6E34BFA5172B12B295C4 /* Pods-SocialDevSlopes.release.xcconfig */;
			buildSettings = {
				ASSETCATALOG_COMPILER_APPICON_NAME = AppIcon;
				CODE_SIGN_ENTITLEMENTS = SocialDevSlopes/SocialDevSlopes.entitlements;
				DEVELOPMENT_TEAM = JZ92YFTR72;
				INFOPLIST_FILE = SocialDevSlopes/Info.plist;
				LD_RUNPATH_SEARCH_PATHS = "$(inherited) @executable_path/Frameworks";
				PRODUCT_BUNDLE_IDENTIFIER = com.smurfs.SocialDevSlopes;
				PRODUCT_NAME = "$(TARGET_NAME)";
				SWIFT_VERSION = 3.0;
			};
			name = Release;
		};
/* End XCBuildConfiguration section */

/* Begin XCConfigurationList section */
		5B420FCF1E8E293B006A257E /* Build configuration list for PBXProject "SocialDevSlopes" */ = {
			isa = XCConfigurationList;
			buildConfigurations = (
				5B420FE41E8E293B006A257E /* Debug */,
				5B420FE51E8E293B006A257E /* Release */,
			);
			defaultConfigurationIsVisible = 0;
			defaultConfigurationName = Release;
		};
		5B420FE61E8E293B006A257E /* Build configuration list for PBXNativeTarget "SocialDevSlopes" */ = {
			isa = XCConfigurationList;
			buildConfigurations = (
				5B420FE71E8E293B006A257E /* Debug */,
				5B420FE81E8E293B006A257E /* Release */,
			);
			defaultConfigurationIsVisible = 0;
			defaultConfigurationName = Release;
		};
/* End XCConfigurationList section */
	};
	rootObject = 5B420FCC1E8E293B006A257E /* Project object */;
}
